// !$*UTF8*$!
{
	archiveVersion = 1;
	classes = {
	};
	objectVersion = 55;
	objects = {

/* Begin PBXBuildFile section */
		8BC67F6026F9D48400499F79 /* AppDelegate.swift in Sources */ = {isa = PBXBuildFile; fileRef = 8BC67F5F26F9D48400499F79 /* AppDelegate.swift */; };
		8BC67F6226F9D48400499F79 /* SceneDelegate.swift in Sources */ = {isa = PBXBuildFile; fileRef = 8BC67F6126F9D48400499F79 /* SceneDelegate.swift */; };
		8BC67F6426F9D48400499F79 /* ViewController.swift in Sources */ = {isa = PBXBuildFile; fileRef = 8BC67F6326F9D48400499F79 /* ViewController.swift */; };
		8BC67F6726F9D48400499F79 /* Main.storyboard in Resources */ = {isa = PBXBuildFile; fileRef = 8BC67F6526F9D48400499F79 /* Main.storyboard */; };
		8BC67F6926F9D48600499F79 /* Assets.xcassets in Resources */ = {isa = PBXBuildFile; fileRef = 8BC67F6826F9D48600499F79 /* Assets.xcassets */; };
		8BC67F6C26F9D48600499F79 /* LaunchScreen.storyboard in Resources */ = {isa = PBXBuildFile; fileRef = 8BC67F6A26F9D48600499F79 /* LaunchScreen.storyboard */; };
		8BC67F7726F9D48700499F79 /* CallkitTests.swift in Sources */ = {isa = PBXBuildFile; fileRef = 8BC67F7626F9D48700499F79 /* CallkitTests.swift */; };
		8BC67F8126F9D48700499F79 /* CallkitUITests.swift in Sources */ = {isa = PBXBuildFile; fileRef = 8BC67F8026F9D48700499F79 /* CallkitUITests.swift */; };
		8BC67F8E26F9D4A700499F79 /* CallkitManager.swift in Sources */ = {isa = PBXBuildFile; fileRef = 8BC67F8D26F9D4A700499F79 /* CallkitManager.swift */; };
/* End PBXBuildFile section */

/* Begin PBXContainerItemProxy section */
		8BC67F7326F9D48700499F79 /* PBXContainerItemProxy */ = {
			isa = PBXContainerItemProxy;
			containerPortal = 8BC67F5426F9D48400499F79 /* Project object */;
			proxyType = 1;
			remoteGlobalIDString = 8BC67F5B26F9D48400499F79;
			remoteInfo = Callkit;
		};
		8BC67F7D26F9D48700499F79 /* PBXContainerItemProxy */ = {
			isa = PBXContainerItemProxy;
			containerPortal = 8BC67F5426F9D48400499F79 /* Project object */;
			proxyType = 1;
			remoteGlobalIDString = 8BC67F5B26F9D48400499F79;
			remoteInfo = Callkit;
		};
/* End PBXContainerItemProxy section */

/* Begin PBXFileReference section */
		8BC67F5C26F9D48400499F79 /* Callkit.app */ = {isa = PBXFileReference; explicitFileType = wrapper.application; includeInIndex = 0; path = Callkit.app; sourceTree = BUILT_PRODUCTS_DIR; };
		8BC67F5F26F9D48400499F79 /* AppDelegate.swift */ = {isa = PBXFileReference; lastKnownFileType = sourcecode.swift; path = AppDelegate.swift; sourceTree = "<group>"; };
		8BC67F6126F9D48400499F79 /* SceneDelegate.swift */ = {isa = PBXFileReference; lastKnownFileType = sourcecode.swift; path = SceneDelegate.swift; sourceTree = "<group>"; };
		8BC67F6326F9D48400499F79 /* ViewController.swift */ = {isa = PBXFileReference; lastKnownFileType = sourcecode.swift; path = ViewController.swift; sourceTree = "<group>"; };
		8BC67F6626F9D48400499F79 /* Base */ = {isa = PBXFileReference; lastKnownFileType = file.storyboard; name = Base; path = Base.lproj/Main.storyboard; sourceTree = "<group>"; };
		8BC67F6826F9D48600499F79 /* Assets.xcassets */ = {isa = PBXFileReference; lastKnownFileType = folder.assetcatalog; path = Assets.xcassets; sourceTree = "<group>"; };
		8BC67F6B26F9D48600499F79 /* Base */ = {isa = PBXFileReference; lastKnownFileType = file.storyboard; name = Base; path = Base.lproj/LaunchScreen.storyboard; sourceTree = "<group>"; };
		8BC67F6D26F9D48600499F79 /* Info.plist */ = {isa = PBXFileReference; lastKnownFileType = text.plist.xml; path = Info.plist; sourceTree = "<group>"; };
		8BC67F7226F9D48700499F79 /* CallkitTests.xctest */ = {isa = PBXFileReference; explicitFileType = wrapper.cfbundle; includeInIndex = 0; path = CallkitTests.xctest; sourceTree = BUILT_PRODUCTS_DIR; };
		8BC67F7626F9D48700499F79 /* CallkitTests.swift */ = {isa = PBXFileReference; lastKnownFileType = sourcecode.swift; path = CallkitTests.swift; sourceTree = "<group>"; };
		8BC67F7C26F9D48700499F79 /* CallkitUITests.xctest */ = {isa = PBXFileReference; explicitFileType = wrapper.cfbundle; includeInIndex = 0; path = CallkitUITests.xctest; sourceTree = BUILT_PRODUCTS_DIR; };
		8BC67F8026F9D48700499F79 /* CallkitUITests.swift */ = {isa = PBXFileReference; lastKnownFileType = sourcecode.swift; path = CallkitUITests.swift; sourceTree = "<group>"; };
		8BC67F8D26F9D4A700499F79 /* CallkitManager.swift */ = {isa = PBXFileReference; lastKnownFileType = sourcecode.swift; path = CallkitManager.swift; sourceTree = "<group>"; };
		8BC67F8F26F9D74300499F79 /* Callkit.entitlements */ = {isa = PBXFileReference; lastKnownFileType = text.plist.entitlements; path = Callkit.entitlements; sourceTree = "<group>"; };
/* End PBXFileReference section */

/* Begin PBXFrameworksBuildPhase section */
		8BC67F5926F9D48400499F79 /* Frameworks */ = {
			isa = PBXFrameworksBuildPhase;
			buildActionMask = 2147483647;
			files = (
			);
			runOnlyForDeploymentPostprocessing = 0;
		};
		8BC67F6F26F9D48700499F79 /* Frameworks */ = {
			isa = PBXFrameworksBuildPhase;
			buildActionMask = 2147483647;
			files = (
			);
			runOnlyForDeploymentPostprocessing = 0;
		};
		8BC67F7926F9D48700499F79 /* Frameworks */ = {
			isa = PBXFrameworksBuildPhase;
			buildActionMask = 2147483647;
			files = (
			);
			runOnlyForDeploymentPostprocessing = 0;
		};
/* End PBXFrameworksBuildPhase section */

/* Begin PBXGroup section */
		8BC67F5326F9D48400499F79 = {
			isa = PBXGroup;
			children = (
				8BC67F5E26F9D48400499F79 /* Callkit */,
				8BC67F7526F9D48700499F79 /* CallkitTests */,
				8BC67F7F26F9D48700499F79 /* CallkitUITests */,
				8BC67F5D26F9D48400499F79 /* Products */,
			);
			sourceTree = "<group>";
		};
		8BC67F5D26F9D48400499F79 /* Products */ = {
			isa = PBXGroup;
			children = (
				8BC67F5C26F9D48400499F79 /* Callkit.app */,
				8BC67F7226F9D48700499F79 /* CallkitTests.xctest */,
				8BC67F7C26F9D48700499F79 /* CallkitUITests.xctest */,
			);
			name = Products;
			sourceTree = "<group>";
		};
		8BC67F5E26F9D48400499F79 /* Callkit */ = {
			isa = PBXGroup;
			children = (
				8BC67F8F26F9D74300499F79 /* Callkit.entitlements */,
				8BC67F5F26F9D48400499F79 /* AppDelegate.swift */,
				8BC67F6126F9D48400499F79 /* SceneDelegate.swift */,
				8BC67F8D26F9D4A700499F79 /* CallkitManager.swift */,
				8BC67F6326F9D48400499F79 /* ViewController.swift */,
				8BC67F6526F9D48400499F79 /* Main.storyboard */,
				8BC67F6826F9D48600499F79 /* Assets.xcassets */,
				8BC67F6A26F9D48600499F79 /* LaunchScreen.storyboard */,
				8BC67F6D26F9D48600499F79 /* Info.plist */,
			);
			path = Callkit;
			sourceTree = "<group>";
		};
		8BC67F7526F9D48700499F79 /* CallkitTests */ = {
			isa = PBXGroup;
			children = (
				8BC67F7626F9D48700499F79 /* CallkitTests.swift */,
			);
			path = CallkitTests;
			sourceTree = "<group>";
		};
		8BC67F7F26F9D48700499F79 /* CallkitUITests */ = {
			isa = PBXGroup;
			children = (
				8BC67F8026F9D48700499F79 /* CallkitUITests.swift */,
			);
			path = CallkitUITests;
			sourceTree = "<group>";
		};
/* End PBXGroup section */

/* Begin PBXNativeTarget section */
		8BC67F5B26F9D48400499F79 /* Callkit */ = {
			isa = PBXNativeTarget;
			buildConfigurationList = 8BC67F8426F9D48700499F79 /* Build configuration list for PBXNativeTarget "Callkit" */;
			buildPhases = (
				8BC67F5826F9D48400499F79 /* Sources */,
				8BC67F5926F9D48400499F79 /* Frameworks */,
				8BC67F5A26F9D48400499F79 /* Resources */,
			);
			buildRules = (
			);
			dependencies = (
			);
			name = Callkit;
			productName = Callkit;
			productReference = 8BC67F5C26F9D48400499F79 /* Callkit.app */;
			productType = "com.apple.product-type.application";
		};
		8BC67F7126F9D48700499F79 /* CallkitTests */ = {
			isa = PBXNativeTarget;
			buildConfigurationList = 8BC67F8726F9D48700499F79 /* Build configuration list for PBXNativeTarget "CallkitTests" */;
			buildPhases = (
				8BC67F6E26F9D48700499F79 /* Sources */,
				8BC67F6F26F9D48700499F79 /* Frameworks */,
				8BC67F7026F9D48700499F79 /* Resources */,
			);
			buildRules = (
			);
			dependencies = (
				8BC67F7426F9D48700499F79 /* PBXTargetDependency */,
			);
			name = CallkitTests;
			productName = CallkitTests;
			productReference = 8BC67F7226F9D48700499F79 /* CallkitTests.xctest */;
			productType = "com.apple.product-type.bundle.unit-test";
		};
		8BC67F7B26F9D48700499F79 /* CallkitUITests */ = {
			isa = PBXNativeTarget;
			buildConfigurationList = 8BC67F8A26F9D48700499F79 /* Build configuration list for PBXNativeTarget "CallkitUITests" */;
			buildPhases = (
				8BC67F7826F9D48700499F79 /* Sources */,
				8BC67F7926F9D48700499F79 /* Frameworks */,
				8BC67F7A26F9D48700499F79 /* Resources */,
			);
			buildRules = (
			);
			dependencies = (
				8BC67F7E26F9D48700499F79 /* PBXTargetDependency */,
			);
			name = CallkitUITests;
			productName = CallkitUITests;
			productReference = 8BC67F7C26F9D48700499F79 /* CallkitUITests.xctest */;
			productType = "com.apple.product-type.bundle.ui-testing";
		};
/* End PBXNativeTarget section */

/* Begin PBXProject section */
		8BC67F5426F9D48400499F79 /* Project object */ = {
			isa = PBXProject;
			attributes = {
				BuildIndependentTargetsInParallel = 1;
				LastSwiftUpdateCheck = 1300;
				LastUpgradeCheck = 1300;
				TargetAttributes = {
					8BC67F5B26F9D48400499F79 = {
						CreatedOnToolsVersion = 13.0;
					};
					8BC67F7126F9D48700499F79 = {
						CreatedOnToolsVersion = 13.0;
						TestTargetID = 8BC67F5B26F9D48400499F79;
					};
					8BC67F7B26F9D48700499F79 = {
						CreatedOnToolsVersion = 13.0;
						TestTargetID = 8BC67F5B26F9D48400499F79;
					};
				};
			};
			buildConfigurationList = 8BC67F5726F9D48400499F79 /* Build configuration list for PBXProject "Callkit" */;
			compatibilityVersion = "Xcode 13.0";
			developmentRegion = en;
			hasScannedForEncodings = 0;
			knownRegions = (
				en,
				Base,
			);
			mainGroup = 8BC67F5326F9D48400499F79;
			productRefGroup = 8BC67F5D26F9D48400499F79 /* Products */;
			projectDirPath = "";
			projectRoot = "";
			targets = (
				8BC67F5B26F9D48400499F79 /* Callkit */,
				8BC67F7126F9D48700499F79 /* CallkitTests */,
				8BC67F7B26F9D48700499F79 /* CallkitUITests */,
			);
		};
/* End PBXProject section */

/* Begin PBXResourcesBuildPhase section */
		8BC67F5A26F9D48400499F79 /* Resources */ = {
			isa = PBXResourcesBuildPhase;
			buildActionMask = 2147483647;
			files = (
				8BC67F6C26F9D48600499F79 /* LaunchScreen.storyboard in Resources */,
				8BC67F6926F9D48600499F79 /* Assets.xcassets in Resources */,
				8BC67F6726F9D48400499F79 /* Main.storyboard in Resources */,
			);
			runOnlyForDeploymentPostprocessing = 0;
		};
		8BC67F7026F9D48700499F79 /* Resources */ = {
			isa = PBXResourcesBuildPhase;
			buildActionMask = 2147483647;
			files = (
			);
			runOnlyForDeploymentPostprocessing = 0;
		};
		8BC67F7A26F9D48700499F79 /* Resources */ = {
			isa = PBXResourcesBuildPhase;
			buildActionMask = 2147483647;
			files = (
			);
			runOnlyForDeploymentPostprocessing = 0;
		};
/* End PBXResourcesBuildPhase section */

/* Begin PBXSourcesBuildPhase section */
		8BC67F5826F9D48400499F79 /* Sources */ = {
			isa = PBXSourcesBuildPhase;
			buildActionMask = 2147483647;
			files = (
				8BC67F6426F9D48400499F79 /* ViewController.swift in Sources */,
				8BC67F6026F9D48400499F79 /* AppDelegate.swift in Sources */,
				8BC67F8E26F9D4A700499F79 /* CallkitManager.swift in Sources */,
				8BC67F6226F9D48400499F79 /* SceneDelegate.swift in Sources */,
			);
			runOnlyForDeploymentPostprocessing = 0;
		};
		8BC67F6E26F9D48700499F79 /* Sources */ = {
			isa = PBXSourcesBuildPhase;
			buildActionMask = 2147483647;
			files = (
				8BC67F7726F9D48700499F79 /* CallkitTests.swift in Sources */,
			);
			runOnlyForDeploymentPostprocessing = 0;
		};
		8BC67F7826F9D48700499F79 /* Sources */ = {
			isa = PBXSourcesBuildPhase;
			buildActionMask = 2147483647;
			files = (
				8BC67F8126F9D48700499F79 /* CallkitUITests.swift in Sources */,
			);
			runOnlyForDeploymentPostprocessing = 0;
		};
/* End PBXSourcesBuildPhase section */

/* Begin PBXTargetDependency section */
		8BC67F7426F9D48700499F79 /* PBXTargetDependency */ = {
			isa = PBXTargetDependency;
			target = 8BC67F5B26F9D48400499F79 /* Callkit */;
			targetProxy = 8BC67F7326F9D48700499F79 /* PBXContainerItemProxy */;
		};
		8BC67F7E26F9D48700499F79 /* PBXTargetDependency */ = {
			isa = PBXTargetDependency;
			target = 8BC67F5B26F9D48400499F79 /* Callkit */;
			targetProxy = 8BC67F7D26F9D48700499F79 /* PBXContainerItemProxy */;
		};
/* End PBXTargetDependency section */

/* Begin PBXVariantGroup section */
		8BC67F6526F9D48400499F79 /* Main.storyboard */ = {
			isa = PBXVariantGroup;
			children = (
				8BC67F6626F9D48400499F79 /* Base */,
			);
			name = Main.storyboard;
			sourceTree = "<group>";
		};
		8BC67F6A26F9D48600499F79 /* LaunchScreen.storyboard */ = {
			isa = PBXVariantGroup;
			children = (
				8BC67F6B26F9D48600499F79 /* Base */,
			);
			name = LaunchScreen.storyboard;
			sourceTree = "<group>";
		};
/* End PBXVariantGroup section */

/* Begin XCBuildConfiguration section */
		8BC67F8226F9D48700499F79 /* Debug */ = {
			isa = XCBuildConfiguration;
			buildSettings = {
				ALWAYS_SEARCH_USER_PATHS = NO;
				CLANG_ANALYZER_NONNULL = YES;
				CLANG_ANALYZER_NUMBER_OBJECT_CONVERSION = YES_AGGRESSIVE;
				CLANG_CXX_LANGUAGE_STANDARD = "gnu++17";
				CLANG_CXX_LIBRARY = "libc++";
				CLANG_ENABLE_MODULES = YES;
				CLANG_ENABLE_OBJC_ARC = YES;
				CLANG_ENABLE_OBJC_WEAK = YES;
				CLANG_WARN_BLOCK_CAPTURE_AUTORELEASING = YES;
				CLANG_WARN_BOOL_CONVERSION = YES;
				CLANG_WARN_COMMA = YES;
				CLANG_WARN_CONSTANT_CONVERSION = YES;
				CLANG_WARN_DEPRECATED_OBJC_IMPLEMENTATIONS = YES;
				CLANG_WARN_DIRECT_OBJC_ISA_USAGE = YES_ERROR;
				CLANG_WARN_DOCUMENTATION_COMMENTS = YES;
				CLANG_WARN_EMPTY_BODY = YES;
				CLANG_WARN_ENUM_CONVERSION = YES;
				CLANG_WARN_INFINITE_RECURSION = YES;
				CLANG_WARN_INT_CONVERSION = YES;
				CLANG_WARN_NON_LITERAL_NULL_CONVERSION = YES;
				CLANG_WARN_OBJC_IMPLICIT_RETAIN_SELF = YES;
				CLANG_WARN_OBJC_LITERAL_CONVERSION = YES;
				CLANG_WARN_OBJC_ROOT_CLASS = YES_ERROR;
				CLANG_WARN_QUOTED_INCLUDE_IN_FRAMEWORK_HEADER = YES;
				CLANG_WARN_RANGE_LOOP_ANALYSIS = YES;
				CLANG_WARN_STRICT_PROTOTYPES = YES;
				CLANG_WARN_SUSPICIOUS_MOVE = YES;
				CLANG_WARN_UNGUARDED_AVAILABILITY = YES_AGGRESSIVE;
				CLANG_WARN_UNREACHABLE_CODE = YES;
				CLANG_WARN__DUPLICATE_METHOD_MATCH = YES;
				COPY_PHASE_STRIP = NO;
				DEBUG_INFORMATION_FORMAT = dwarf;
				ENABLE_STRICT_OBJC_MSGSEND = YES;
				ENABLE_TESTABILITY = YES;
				GCC_C_LANGUAGE_STANDARD = gnu11;
				GCC_DYNAMIC_NO_PIC = NO;
				GCC_NO_COMMON_BLOCKS = YES;
				GCC_OPTIMIZATION_LEVEL = 0;
				GCC_PREPROCESSOR_DEFINITIONS = (
					"DEBUG=1",
					"$(inherited)",
				);
				GCC_WARN_64_TO_32_BIT_CONVERSION = YES;
				GCC_WARN_ABOUT_RETURN_TYPE = YES_ERROR;
				GCC_WARN_UNDECLARED_SELECTOR = YES;
				GCC_WARN_UNINITIALIZED_AUTOS = YES_AGGRESSIVE;
				GCC_WARN_UNUSED_FUNCTION = YES;
				GCC_WARN_UNUSED_VARIABLE = YES;
				IPHONEOS_DEPLOYMENT_TARGET = 15.0;
				MTL_ENABLE_DEBUG_INFO = INCLUDE_SOURCE;
				MTL_FAST_MATH = YES;
				ONLY_ACTIVE_ARCH = YES;
				SDKROOT = iphoneos;
				SWIFT_ACTIVE_COMPILATION_CONDITIONS = DEBUG;
				SWIFT_OPTIMIZATION_LEVEL = "-Onone";
			};
			name = Debug;
		};
		8BC67F8326F9D48700499F79 /* Release */ = {
			isa = XCBuildConfiguration;
			buildSettings = {
				ALWAYS_SEARCH_USER_PATHS = NO;
				CLANG_ANALYZER_NONNULL = YES;
				CLANG_ANALYZER_NUMBER_OBJECT_CONVERSION = YES_AGGRESSIVE;
				CLANG_CXX_LANGUAGE_STANDARD = "gnu++17";
				CLANG_CXX_LIBRARY = "libc++";
				CLANG_ENABLE_MODULES = YES;
				CLANG_ENABLE_OBJC_ARC = YES;
				CLANG_ENABLE_OBJC_WEAK = YES;
				CLANG_WARN_BLOCK_CAPTURE_AUTORELEASING = YES;
				CLANG_WARN_BOOL_CONVERSION = YES;
				CLANG_WARN_COMMA = YES;
				CLANG_WARN_CONSTANT_CONVERSION = YES;
				CLANG_WARN_DEPRECATED_OBJC_IMPLEMENTATIONS = YES;
				CLANG_WARN_DIRECT_OBJC_ISA_USAGE = YES_ERROR;
				CLANG_WARN_DOCUMENTATION_COMMENTS = YES;
				CLANG_WARN_EMPTY_BODY = YES;
				CLANG_WARN_ENUM_CONVERSION = YES;
				CLANG_WARN_INFINITE_RECURSION = YES;
				CLANG_WARN_INT_CONVERSION = YES;
				CLANG_WARN_NON_LITERAL_NULL_CONVERSION = YES;
				CLANG_WARN_OBJC_IMPLICIT_RETAIN_SELF = YES;
				CLANG_WARN_OBJC_LITERAL_CONVERSION = YES;
				CLANG_WARN_OBJC_ROOT_CLASS = YES_ERROR;
				CLANG_WARN_QUOTED_INCLUDE_IN_FRAMEWORK_HEADER = YES;
				CLANG_WARN_RANGE_LOOP_ANALYSIS = YES;
				CLANG_WARN_STRICT_PROTOTYPES = YES;
				CLANG_WARN_SUSPICIOUS_MOVE = YES;
				CLANG_WARN_UNGUARDED_AVAILABILITY = YES_AGGRESSIVE;
				CLANG_WARN_UNREACHABLE_CODE = YES;
				CLANG_WARN__DUPLICATE_METHOD_MATCH = YES;
				COPY_PHASE_STRIP = NO;
				DEBUG_INFORMATION_FORMAT = "dwarf-with-dsym";
				ENABLE_NS_ASSERTIONS = NO;
				ENABLE_STRICT_OBJC_MSGSEND = YES;
				GCC_C_LANGUAGE_STANDARD = gnu11;
				GCC_NO_COMMON_BLOCKS = YES;
				GCC_WARN_64_TO_32_BIT_CONVERSION = YES;
				GCC_WARN_ABOUT_RETURN_TYPE = YES_ERROR;
				GCC_WARN_UNDECLARED_SELECTOR = YES;
				GCC_WARN_UNINITIALIZED_AUTOS = YES_AGGRESSIVE;
				GCC_WARN_UNUSED_FUNCTION = YES;
				GCC_WARN_UNUSED_VARIABLE = YES;
				IPHONEOS_DEPLOYMENT_TARGET = 15.0;
				MTL_ENABLE_DEBUG_INFO = NO;
				MTL_FAST_MATH = YES;
				SDKROOT = iphoneos;
				SWIFT_COMPILATION_MODE = wholemodule;
				SWIFT_OPTIMIZATION_LEVEL = "-O";
				VALIDATE_PRODUCT = YES;
			};
			name = Release;
		};
		8BC67F8526F9D48700499F79 /* Debug */ = {
			isa = XCBuildConfiguration;
			buildSettings = {
				ASSETCATALOG_COMPILER_APPICON_NAME = AppIcon;
				ASSETCATALOG_COMPILER_GLOBAL_ACCENT_COLOR_NAME = AccentColor;
				CODE_SIGN_ENTITLEMENTS = Callkit/Callkit.entitlements;
				CODE_SIGN_STYLE = Automatic;
				CURRENT_PROJECT_VERSION = 1;
				DEVELOPMENT_TEAM = 65M7UHG54B;
				GENERATE_INFOPLIST_FILE = YES;
				INFOPLIST_FILE = Callkit/Info.plist;
				INFOPLIST_KEY_UIApplicationSupportsIndirectInputEvents = YES;
				INFOPLIST_KEY_UILaunchStoryboardName = LaunchScreen;
				INFOPLIST_KEY_UIMainStoryboardFile = Main;
				INFOPLIST_KEY_UISupportedInterfaceOrientations_iPad = "UIInterfaceOrientationPortrait UIInterfaceOrientationPortraitUpsideDown UIInterfaceOrientationLandscapeLeft UIInterfaceOrientationLandscapeRight";
				INFOPLIST_KEY_UISupportedInterfaceOrientations_iPhone = "UIInterfaceOrientationPortrait UIInterfaceOrientationLandscapeLeft UIInterfaceOrientationLandscapeRight";
				IPHONEOS_DEPLOYMENT_TARGET = 13.0;
				LD_RUNPATH_SEARCH_PATHS = (
					"$(inherited)",
					"@executable_path/Frameworks",
				);
				MARKETING_VERSION = 1.0;
				PRODUCT_BUNDLE_IDENTIFIER = raj.Callkit;
				PRODUCT_NAME = "$(TARGET_NAME)";
				SWIFT_EMIT_LOC_STRINGS = YES;
				SWIFT_VERSION = 5.0;
				TARGETED_DEVICE_FAMILY = "1,2";
			};
			name = Debug;
		};
		8BC67F8626F9D48700499F79 /* Release */ = {
			isa = XCBuildConfiguration;
			buildSettings = {
				ASSETCATALOG_COMPILER_APPICON_NAME = AppIcon;
				ASSETCATALOG_COMPILER_GLOBAL_ACCENT_COLOR_NAME = AccentColor;
				CODE_SIGN_ENTITLEMENTS = Callkit/Callkit.entitlements;
				CODE_SIGN_STYLE = Automatic;
				CURRENT_PROJECT_VERSION = 1;
				DEVELOPMENT_TEAM = 65M7UHG54B;
				GENERATE_INFOPLIST_FILE = YES;
				INFOPLIST_FILE = Callkit/Info.plist;
				INFOPLIST_KEY_UIApplicationSupportsIndirectInputEvents = YES;
				INFOPLIST_KEY_UILaunchStoryboardName = LaunchScreen;
				INFOPLIST_KEY_UIMainStoryboardFile = Main;
				INFOPLIST_KEY_UISupportedInterfaceOrientations_iPad = "UIInterfaceOrientationPortrait UIInterfaceOrientationPortraitUpsideDown UIInterfaceOrientationLandscapeLeft UIInterfaceOrientationLandscapeRight";
				INFOPLIST_KEY_UISupportedInterfaceOrientations_iPhone = "UIInterfaceOrientationPortrait UIInterfaceOrientationLandscapeLeft UIInterfaceOrientationLandscapeRight";
				IPHONEOS_DEPLOYMENT_TARGET = 13.0;
				LD_RUNPATH_SEARCH_PATHS = (
					"$(inherited)",
					"@executable_path/Frameworks",
				);
				MARKETING_VERSION = 1.0;
				PRODUCT_BUNDLE_IDENTIFIER = raj.Callkit;
				PRODUCT_NAME = "$(TARGET_NAME)";
				SWIFT_EMIT_LOC_STRINGS = YES;
				SWIFT_VERSION = 5.0;
				TARGETED_DEVICE_FAMILY = "1,2";
			};
			name = Release;
		};
		8BC67F8826F9D48700499F79 /* Debug */ = {
			isa = XCBuildConfiguration;
			buildSettings = {
				ALWAYS_EMBED_SWIFT_STANDARD_LIBRARIES = YES;
				BUNDLE_LOADER = "$(TEST_HOST)";
				CODE_SIGN_STYLE = Automatic;
				CURRENT_PROJECT_VERSION = 1;
				DEVELOPMENT_TEAM = 65M7UHG54B;
				GENERATE_INFOPLIST_FILE = YES;
				IPHONEOS_DEPLOYMENT_TARGET = 15.0;
				LD_RUNPATH_SEARCH_PATHS = (
					"$(inherited)",
					"@executable_path/Frameworks",
					"@loader_path/Frameworks",
				);
				MARKETING_VERSION = 1.0;
				PRODUCT_BUNDLE_IDENTIFIER = raj.CallkitTests;
				PRODUCT_NAME = "$(TARGET_NAME)";
				SWIFT_EMIT_LOC_STRINGS = NO;
				SWIFT_VERSION = 5.0;
				TARGETED_DEVICE_FAMILY = "1,2";
				TEST_HOST = "$(BUILT_PRODUCTS_DIR)/Callkit.app/Callkit";
			};
			name = Debug;
		};
		8BC67F8926F9D48700499F79 /* Release */ = {
			isa = XCBuildConfiguration;
			buildSettings = {
				ALWAYS_EMBED_SWIFT_STANDARD_LIBRARIES = YES;
				BUNDLE_LOADER = "$(TEST_HOST)";
				CODE_SIGN_STYLE = Automatic;
				CURRENT_PROJECT_VERSION = 1;
				DEVELOPMENT_TEAM = 65M7UHG54B;
				GENERATE_INFOPLIST_FILE = YES;
				IPHONEOS_DEPLOYMENT_TARGET = 15.0;
				LD_RUNPATH_SEARCH_PATHS = (
					"$(inherited)",
					"@executable_path/Frameworks",
					"@loader_path/Frameworks",
				);
				MARKETING_VERSION = 1.0;
				PRODUCT_BUNDLE_IDENTIFIER = raj.CallkitTests;
				PRODUCT_NAME = "$(TARGET_NAME)";
				SWIFT_EMIT_LOC_STRINGS = NO;
				SWIFT_VERSION = 5.0;
				TARGETED_DEVICE_FAMILY = "1,2";
				TEST_HOST = "$(BUILT_PRODUCTS_DIR)/Callkit.app/Callkit";
			};
			name = Release;
		};
		8BC67F8B26F9D48700499F79 /* Debug */ = {
			isa = XCBuildConfiguration;
			buildSettings = {
				ALWAYS_EMBED_SWIFT_STANDARD_LIBRARIES = YES;
				CODE_SIGN_STYLE = Automatic;
				CURRENT_PROJECT_VERSION = 1;
				DEVELOPMENT_TEAM = 65M7UHG54B;
				GENERATE_INFOPLIST_FILE = YES;
				LD_RUNPATH_SEARCH_PATHS = (
					"$(inherited)",
					"@executable_path/Frameworks",
					"@loader_path/Frameworks",
				);
				MARKETING_VERSION = 1.0;
				PRODUCT_BUNDLE_IDENTIFIER = raj.CallkitUITests;
				PRODUCT_NAME = "$(TARGET_NAME)";
				SWIFT_EMIT_LOC_STRINGS = NO;
				SWIFT_VERSION = 5.0;
				TARGETED_DEVICE_FAMILY = "1,2";
				TEST_TARGET_NAME = Callkit;
			};
			name = Debug;
		};
		8BC67F8C26F9D48700499F79 /* Release */ = {
			isa = XCBuildConfiguration;
			buildSettings = {
				ALWAYS_EMBED_SWIFT_STANDARD_LIBRARIES = YES;
				CODE_SIGN_STYLE = Automatic;
				CURRENT_PROJECT_VERSION = 1;
				DEVELOPMENT_TEAM = 65M7UHG54B;
				GENERATE_INFOPLIST_FILE = YES;
				LD_RUNPATH_SEARCH_PATHS = (
					"$(inherited)",
					"@executable_path/Frameworks",
					"@loader_path/Frameworks",
				);
				MARKETING_VERSION = 1.0;
				PRODUCT_BUNDLE_IDENTIFIER = raj.CallkitUITests;
				PRODUCT_NAME = "$(TARGET_NAME)";
				SWIFT_EMIT_LOC_STRINGS = NO;
				SWIFT_VERSION = 5.0;
				TARGETED_DEVICE_FAMILY = "1,2";
				TEST_TARGET_NAME = Callkit;
			};
			name = Release;
		};
/* End XCBuildConfiguration section */

/* Begin XCConfigurationList section */
		8BC67F5726F9D48400499F79 /* Build configuration list for PBXProject "Callkit" */ = {
			isa = XCConfigurationList;
			buildConfigurations = (
				8BC67F8226F9D48700499F79 /* Debug */,
				8BC67F8326F9D48700499F79 /* Release */,
			);
			defaultConfigurationIsVisible = 0;
			defaultConfigurationName = Release;
		};
		8BC67F8426F9D48700499F79 /* Build configuration list for PBXNativeTarget "Callkit" */ = {
			isa = XCConfigurationList;
			buildConfigurations = (
				8BC67F8526F9D48700499F79 /* Debug */,
				8BC67F8626F9D48700499F79 /* Release */,
			);
			defaultConfigurationIsVisible = 0;
			defaultConfigurationName = Release;
		};
		8BC67F8726F9D48700499F79 /* Build configuration list for PBXNativeTarget "CallkitTests" */ = {
			isa = XCConfigurationList;
			buildConfigurations = (
				8BC67F8826F9D48700499F79 /* Debug */,
				8BC67F8926F9D48700499F79 /* Release */,
			);
			defaultConfigurationIsVisible = 0;
			defaultConfigurationName = Release;
		};
		8BC67F8A26F9D48700499F79 /* Build configuration list for PBXNativeTarget "CallkitUITests" */ = {
			isa = XCConfigurationList;
			buildConfigurations = (
				8BC67F8B26F9D48700499F79 /* Debug */,
				8BC67F8C26F9D48700499F79 /* Release */,
			);
			defaultConfigurationIsVisible = 0;
			defaultConfigurationName = Release;
		};
/* End XCConfigurationList section */
	};
	rootObject = 8BC67F5426F9D48400499F79 /* Project object */;
}
